
Microsoft Visual Studio Solution File, Format Version 12.00
# Visual Studio Version 17
VisualStudioVersion = 17.5.002.0
MinimumVisualStudioVersion = 10.0.40219.1
Project("{9A19103F-16F7-4668-BE54-9A1E7A4F7556}") = "CallCenterTests", "CallCenterTests.csproj", "{51867117-0A35-496B-8B75-DDB5FF9AC0A6}"
EndProject
Global
	GlobalSection(SolutionConfigurationPlatforms) = preSolution
		Debug|Any CPU = Debug|Any CPU
		Release|Any CPU = Release|Any CPU
	EndGlobalSection
	GlobalSection(ProjectConfigurationPlatforms) = postSolution
		{51867117-0A35-496B-8B75-DDB5FF9AC0A6}.Debug|Any CPU.ActiveCfg = Debug|Any CPU
		{51867117-0A35-496B-8B75-DDB5FF9AC0A6}.Debug|Any CPU.Build.0 = Debug|Any CPU
		{51867117-0A35-496B-8B75-DDB5FF9AC0A6}.Release|Any CPU.ActiveCfg = Release|Any CPU
		{51867117-0A35-496B-8B75-DDB5FF9AC0A6}.Release|Any CPU.Build.0 = Release|Any CPU
	EndGlobalSection
	GlobalSection(SolutionProperties) = preSolution
		HideSolutionNode = FALSE
	EndGlobalSection
	GlobalSection(ExtensibilityGlobals) = postSolution
		SolutionGuid = {CAEA3202-832A-4ED5-849B-2C1A098708FD}
	EndGlobalSection
EndGlobal
